
Microsoft Visual Studio Solution File, Format Version 12.00
# Visual Studio Version 16
VisualStudioVersion = 16.0.29519.161
MinimumVisualStudioVersion = 10.0.40219.1
Project("{FAE04EC0-301F-11D3-BF4B-00C04F79EFBC}") = "WorkerService1", "WorkerService1\WorkerService1.csproj", "{72483C13-FCC5-4452-8DAE-6210F73A9C2A}"
EndProject
Global
	GlobalSection(SolutionConfigurationPlatforms) = preSolution
		Debug|Any CPU = Debug|Any CPU
		Release|Any CPU = Release|Any CPU
	EndGlobalSection
	GlobalSection(ProjectConfigurationPlatforms) = postSolution
		{72483C13-FCC5-4452-8DAE-6210F73A9C2A}.Debug|Any CPU.ActiveCfg = Debug|Any CPU
		{72483C13-FCC5-4452-8DAE-6210F73A9C2A}.Debug|Any CPU.Build.0 = Debug|Any CPU
		{72483C13-FCC5-4452-8DAE-6210F73A9C2A}.Release|Any CPU.ActiveCfg = Release|Any CPU
		{72483C13-FCC5-4452-8DAE-6210F73A9C2A}.Release|Any CPU.Build.0 = Release|Any CPU
	EndGlobalSection
	GlobalSection(SolutionProperties) = preSolution
		HideSolutionNode = FALSE
	EndGlobalSection
	GlobalSection(ExtensibilityGlobals) = postSolution
		SolutionGuid = {B3CAABEF-924F-4F5E-96F6-8497E90C2040}
	EndGlobalSection
EndGlobal
